{
  "name": "geode",
  "version": "1.0.0",
  "lockfileVersion": 1,
  "requires": true,
  "dependencies": {
    "@types/pako": {
      "version": "1.0.2",
      "resolved": "https://registry.npmjs.org/@types/pako/-/pako-1.0.2.tgz",
      "integrity": "sha512-8UJl2MjkqqS6ncpLZqRZ5LmGiFBkbYxocD4e4jmBqGvfRG1RS23gKsBQbdtV9O9GvRyjFTiRHRByjSlKCLlmZw==",
      "dev": true
    },
    "@types/three": {
      "version": "0.132.2",
      "resolved": "https://registry.npmjs.org/@types/three/-/three-0.132.2.tgz",
      "integrity": "sha512-DpaP0sObpHvKX8zdfCqyTK526N8lQ86Qstp6MnQJ3jNYie7Bv9AMRTALuoIH8dgVZ62z9twuNvEarWHXOZwmSw==",
      "dev": true
    },
    "typescript": {
      "version": "4.4.3",
      "resolved": "https://registry.npmjs.org/typescript/-/typescript-4.4.3.tgz",
      "integrity": "sha512-4xfscpisVgqqDfPaJo5vkd+Qd/ItkoagnHpufr+i2QCHBsNYp+G7UAoyFl8aPtx879u38wPV65rZ8qbGZijalA==",
      "dev": true
    }
  }
}
